
Microsoft Visual Studio Solution File, Format Version 12.00
# Visual Studio Version 17
VisualStudioVersion = 17.13.35818.85
MinimumVisualStudioVersion = 10.0.40219.1
Project("{FAE04EC0-301F-11D3-BF4B-00C04F79EFBC}") = "hostlocal", "hostlocal.csproj", "{1DFC0A2C-BF4A-4ACE-9200-96CC8BFAE2F4}"
EndProject
Project("{2150E333-8FDC-42A3-9474-1A3956D46DE8}") = "Solution Items", "Solution Items", "{8EC462FD-D22E-90A8-E5CE-7E832BA40C5D}"
EndProject
Global
	GlobalSection(SolutionConfigurationPlatforms) = preSolution
		Debug|Any CPU = Debug|Any CPU
		Release|Any CPU = Release|Any CPU
	EndGlobalSection
	GlobalSection(ProjectConfigurationPlatforms) = postSolution
		{1DFC0A2C-BF4A-4ACE-9200-96CC8BFAE2F4}.Debug|Any CPU.ActiveCfg = Debug|Any CPU
		{1DFC0A2C-BF4A-4ACE-9200-96CC8BFAE2F4}.Debug|Any CPU.Build.0 = Debug|Any CPU
		{1DFC0A2C-BF4A-4ACE-9200-96CC8BFAE2F4}.Release|Any CPU.ActiveCfg = Release|Any CPU
		{1DFC0A2C-BF4A-4ACE-9200-96CC8BFAE2F4}.Release|Any CPU.Build.0 = Release|Any CPU
	EndGlobalSection
	GlobalSection(SolutionProperties) = preSolution
		HideSolutionNode = FALSE
	EndGlobalSection
	GlobalSection(ExtensibilityGlobals) = postSolution
		SolutionGuid = {0F58491B-1182-4D2D-A55D-2184595DA4E8}
	EndGlobalSection
EndGlobal
